// !$*UTF8*$!
{
	archiveVersion = 1;
	classes = {
	};
	objectVersion = 55;
	objects = {

/* Begin PBXBuildFile section */
		293B43652821D0A80085DC2C /* SwiftBridgeCore.swift in Sources */ = {isa = PBXBuildFile; fileRef = 293B43642821D0630085DC2C /* SwiftBridgeCore.swift */; };
		293B43662821D0AA0085DC2C /* rui-ios.swift in Sources */ = {isa = PBXBuildFile; fileRef = 293B43612821D0630085DC2C /* rui-ios.swift */; };
		2957DA6B28148BEF0010A362 /* librui_ios.a in Frameworks */ = {isa = PBXBuildFile; fileRef = 2957DA5A281472640010A362 /* librui_ios.a */; };
		29DEE522281465C9000C3626 /* RuiApp.swift in Sources */ = {isa = PBXBuildFile; fileRef = 29DEE50E281465C8000C3626 /* RuiApp.swift */; };
		29DEE526281465C9000C3626 /* RuiSwiftUIView.swift in Sources */ = {isa = PBXBuildFile; fileRef = 29DEE510281465C8000C3626 /* RuiSwiftUIView.swift */; };
		29DEE528281465C9000C3626 /* Assets.xcassets in Resources */ = {isa = PBXBuildFile; fileRef = 29DEE511281465C9000C3626 /* Assets.xcassets */; };
/* End PBXBuildFile section */

/* Begin PBXFileReference section */
		293B43582821CD890085DC2C /* Bridging-Header.h */ = {isa = PBXFileReference; lastKnownFileType = sourcecode.c.h; path = "Bridging-Header.h"; sourceTree = "<group>"; };
		293B43612821D0630085DC2C /* rui-ios.swift */ = {isa = PBXFileReference; lastKnownFileType = sourcecode.swift; path = "rui-ios.swift"; sourceTree = "<group>"; };
		293B43622821D0630085DC2C /* rui-ios.h */ = {isa = PBXFileReference; lastKnownFileType = sourcecode.c.h; path = "rui-ios.h"; sourceTree = "<group>"; };
		293B43632821D0630085DC2C /* SwiftBridgeCore.h */ = {isa = PBXFileReference; lastKnownFileType = sourcecode.c.h; path = SwiftBridgeCore.h; sourceTree = "<group>"; };
		293B43642821D0630085DC2C /* SwiftBridgeCore.swift */ = {isa = PBXFileReference; lastKnownFileType = sourcecode.swift; path = SwiftBridgeCore.swift; sourceTree = "<group>"; };
		2957DA5A281472640010A362 /* librui_ios.a */ = {isa = PBXFileReference; lastKnownFileType = archive.ar; name = librui_ios.a; path = target/universal/debug/librui_ios.a; sourceTree = "<group>"; };
		2957DA5D281472C60010A362 /* rui-ios.h */ = {isa = PBXFileReference; lastKnownFileType = sourcecode.c.h; path = "rui-ios.h"; sourceTree = SOURCE_ROOT; };
		29DEE50E281465C8000C3626 /* RuiApp.swift */ = {isa = PBXFileReference; lastKnownFileType = sourcecode.swift; path = RuiApp.swift; sourceTree = "<group>"; };
		29DEE510281465C8000C3626 /* RuiSwiftUIView.swift */ = {isa = PBXFileReference; lastKnownFileType = sourcecode.swift; path = RuiSwiftUIView.swift; sourceTree = "<group>"; };
		29DEE511281465C9000C3626 /* Assets.xcassets */ = {isa = PBXFileReference; lastKnownFileType = folder.assetcatalog; path = Assets.xcassets; sourceTree = "<group>"; };
		29DEE516281465C9000C3626 /* rui-ios.app */ = {isa = PBXFileReference; explicitFileType = wrapper.application; includeInIndex = 0; path = "rui-ios.app"; sourceTree = BUILT_PRODUCTS_DIR; };
		29DEE519281465C9000C3626 /* Info.plist */ = {isa = PBXFileReference; lastKnownFileType = text.plist.xml; path = Info.plist; sourceTree = "<group>"; };
		29DEE520281465C9000C3626 /* Info.plist */ = {isa = PBXFileReference; lastKnownFileType = text.plist.xml; path = Info.plist; sourceTree = "<group>"; };
		29DEE521281465C9000C3626 /* macOS.entitlements */ = {isa = PBXFileReference; lastKnownFileType = text.plist.entitlements; path = macOS.entitlements; sourceTree = "<group>"; };
/* End PBXFileReference section */

/* Begin PBXFrameworksBuildPhase section */
		29DEE513281465C9000C3626 /* Frameworks */ = {
			isa = PBXFrameworksBuildPhase;
			buildActionMask = 2147483647;
			files = (
				2957DA6B28148BEF0010A362 /* librui_ios.a in Frameworks */,
			);
			runOnlyForDeploymentPostprocessing = 0;
		};
/* End PBXFrameworksBuildPhase section */

/* Begin PBXGroup section */
		293B435F2821D0630085DC2C /* Generated */ = {
			isa = PBXGroup;
			children = (
				293B43602821D0630085DC2C /* rui-ios */,
				293B43632821D0630085DC2C /* SwiftBridgeCore.h */,
				293B43642821D0630085DC2C /* SwiftBridgeCore.swift */,
			);
			path = Generated;
			sourceTree = "<group>";
		};
		293B43602821D0630085DC2C /* rui-ios */ = {
			isa = PBXGroup;
			children = (
				293B43612821D0630085DC2C /* rui-ios.swift */,
				293B43622821D0630085DC2C /* rui-ios.h */,
			);
			path = "rui-ios";
			sourceTree = "<group>";
		};
		2957DA59281472640010A362 /* Frameworks */ = {
			isa = PBXGroup;
			children = (
				2957DA5A281472640010A362 /* librui_ios.a */,
			);
			name = Frameworks;
			sourceTree = "<group>";
		};
		29DEE508281465C7000C3626 = {
			isa = PBXGroup;
			children = (
				2957DA5D281472C60010A362 /* rui-ios.h */,
				293B43582821CD890085DC2C /* Bridging-Header.h */,
				293B435F2821D0630085DC2C /* Generated */,
				29DEE50D281465C8000C3626 /* Shared */,
				29DEE518281465C9000C3626 /* iOS */,
				29DEE51F281465C9000C3626 /* macOS */,
				29DEE517281465C9000C3626 /* Products */,
				2957DA59281472640010A362 /* Frameworks */,
			);
			sourceTree = "<group>";
		};
		29DEE50D281465C8000C3626 /* Shared */ = {
			isa = PBXGroup;
			children = (
				29DEE50E281465C8000C3626 /* RuiApp.swift */,
				29DEE510281465C8000C3626 /* RuiSwiftUIView.swift */,
				29DEE511281465C9000C3626 /* Assets.xcassets */,
			);
			path = Shared;
			sourceTree = "<group>";
		};
		29DEE517281465C9000C3626 /* Products */ = {
			isa = PBXGroup;
			children = (
				29DEE516281465C9000C3626 /* rui-ios.app */,
			);
			name = Products;
			sourceTree = "<group>";
		};
		29DEE518281465C9000C3626 /* iOS */ = {
			isa = PBXGroup;
			children = (
				29DEE519281465C9000C3626 /* Info.plist */,
			);
			path = iOS;
			sourceTree = "<group>";
		};
		29DEE51F281465C9000C3626 /* macOS */ = {
			isa = PBXGroup;
			children = (
				29DEE520281465C9000C3626 /* Info.plist */,
				29DEE521281465C9000C3626 /* macOS.entitlements */,
			);
			path = macOS;
			sourceTree = "<group>";
		};
/* End PBXGroup section */

/* Begin PBXNativeTarget section */
		29DEE515281465C9000C3626 /* rui-ios (iOS) */ = {
			isa = PBXNativeTarget;
			buildConfigurationList = 29DEE52C281465C9000C3626 /* Build configuration list for PBXNativeTarget "rui-ios (iOS)" */;
			buildPhases = (
				29C7AB09281CA61B00D19AAA /* Build Rust */,
				29DEE512281465C9000C3626 /* Sources */,
				29DEE513281465C9000C3626 /* Frameworks */,
				29DEE514281465C9000C3626 /* Resources */,
			);
			buildRules = (
			);
			dependencies = (
			);
			name = "rui-ios (iOS)";
			productName = "rui-ios (iOS)";
			productReference = 29DEE516281465C9000C3626 /* rui-ios.app */;
			productType = "com.apple.product-type.application";
		};
/* End PBXNativeTarget section */

/* Begin PBXProject section */
		29DEE509281465C7000C3626 /* Project object */ = {
			isa = PBXProject;
			attributes = {
				BuildIndependentTargetsInParallel = 1;
				LastSwiftUpdateCheck = 1330;
				LastUpgradeCheck = 1330;
				TargetAttributes = {
					29DEE515281465C9000C3626 = {
						CreatedOnToolsVersion = 13.3.1;
					};
				};
			};
			buildConfigurationList = 29DEE50C281465C7000C3626 /* Build configuration list for PBXProject "rui-ios" */;
			compatibilityVersion = "Xcode 13.0";
			developmentRegion = en;
			hasScannedForEncodings = 0;
			knownRegions = (
				en,
				Base,
			);
			mainGroup = 29DEE508281465C7000C3626;
			productRefGroup = 29DEE517281465C9000C3626 /* Products */;
			projectDirPath = "";
			projectRoot = "";
			targets = (
				29DEE515281465C9000C3626 /* rui-ios (iOS) */,
			);
		};
/* End PBXProject section */

/* Begin PBXResourcesBuildPhase section */
		29DEE514281465C9000C3626 /* Resources */ = {
			isa = PBXResourcesBuildPhase;
			buildActionMask = 2147483647;
			files = (
				29DEE528281465C9000C3626 /* Assets.xcassets in Resources */,
			);
			runOnlyForDeploymentPostprocessing = 0;
		};
/* End PBXResourcesBuildPhase section */

/* Begin PBXShellScriptBuildPhase section */
		29C7AB09281CA61B00D19AAA /* Build Rust */ = {
			isa = PBXShellScriptBuildPhase;
			buildActionMask = 2147483647;
			files = (
			);
			inputFileListPaths = (
			);
			inputPaths = (
			);
			name = "Build Rust";
			outputFileListPaths = (
			);
			outputPaths = (
			);
			runOnlyForDeploymentPostprocessing = 0;
			shellPath = /bin/sh;
			shellScript = "./build-rust.sh\n";
		};
/* End PBXShellScriptBuildPhase section */

/* Begin PBXSourcesBuildPhase section */
		29DEE512281465C9000C3626 /* Sources */ = {
			isa = PBXSourcesBuildPhase;
			buildActionMask = 2147483647;
			files = (
				293B43662821D0AA0085DC2C /* rui-ios.swift in Sources */,
				293B43652821D0A80085DC2C /* SwiftBridgeCore.swift in Sources */,
				29DEE522281465C9000C3626 /* RuiApp.swift in Sources */,
				29DEE526281465C9000C3626 /* RuiSwiftUIView.swift in Sources */,
			);
			runOnlyForDeploymentPostprocessing = 0;
		};
/* End PBXSourcesBuildPhase section */

/* Begin XCBuildConfiguration section */
		29DEE52A281465C9000C3626 /* Debug */ = {
			isa = XCBuildConfiguration;
			buildSettings = {
				ALWAYS_SEARCH_USER_PATHS = NO;
				CLANG_ANALYZER_NONNULL = YES;
				CLANG_ANALYZER_NUMBER_OBJECT_CONVERSION = YES_AGGRESSIVE;
				CLANG_CXX_LANGUAGE_STANDARD = "gnu++17";
				CLANG_ENABLE_MODULES = YES;
				CLANG_ENABLE_OBJC_ARC = YES;
				CLANG_ENABLE_OBJC_WEAK = YES;
				CLANG_WARN_BLOCK_CAPTURE_AUTORELEASING = YES;
				CLANG_WARN_BOOL_CONVERSION = YES;
				CLANG_WARN_COMMA = YES;
				CLANG_WARN_CONSTANT_CONVERSION = YES;
				CLANG_WARN_DEPRECATED_OBJC_IMPLEMENTATIONS = YES;
				CLANG_WARN_DIRECT_OBJC_ISA_USAGE = YES_ERROR;
				CLANG_WARN_DOCUMENTATION_COMMENTS = YES;
				CLANG_WARN_EMPTY_BODY = YES;
				CLANG_WARN_ENUM_CONVERSION = YES;
				CLANG_WARN_INFINITE_RECURSION = YES;
				CLANG_WARN_INT_CONVERSION = YES;
				CLANG_WARN_NON_LITERAL_NULL_CONVERSION = YES;
				CLANG_WARN_OBJC_IMPLICIT_RETAIN_SELF = YES;
				CLANG_WARN_OBJC_LITERAL_CONVERSION = YES;
				CLANG_WARN_OBJC_ROOT_CLASS = YES_ERROR;
				CLANG_WARN_QUOTED_INCLUDE_IN_FRAMEWORK_HEADER = YES;
				CLANG_WARN_RANGE_LOOP_ANALYSIS = YES;
				CLANG_WARN_STRICT_PROTOTYPES = YES;
				CLANG_WARN_SUSPICIOUS_MOVE = YES;
				CLANG_WARN_UNGUARDED_AVAILABILITY = YES_AGGRESSIVE;
				CLANG_WARN_UNREACHABLE_CODE = YES;
				CLANG_WARN__DUPLICATE_METHOD_MATCH = YES;
				COPY_PHASE_STRIP = NO;
				DEBUG_INFORMATION_FORMAT = dwarf;
				ENABLE_STRICT_OBJC_MSGSEND = YES;
				ENABLE_TESTABILITY = YES;
				GCC_C_LANGUAGE_STANDARD = gnu11;
				GCC_DYNAMIC_NO_PIC = NO;
				GCC_NO_COMMON_BLOCKS = YES;
				GCC_OPTIMIZATION_LEVEL = 0;
				GCC_PREPROCESSOR_DEFINITIONS = (
					"DEBUG=1",
					"$(inherited)",
				);
				GCC_WARN_64_TO_32_BIT_CONVERSION = YES;
				GCC_WARN_ABOUT_RETURN_TYPE = YES_ERROR;
				GCC_WARN_UNDECLARED_SELECTOR = YES;
				GCC_WARN_UNINITIALIZED_AUTOS = YES_AGGRESSIVE;
				GCC_WARN_UNUSED_FUNCTION = YES;
				GCC_WARN_UNUSED_VARIABLE = YES;
				MTL_ENABLE_DEBUG_INFO = INCLUDE_SOURCE;
				MTL_FAST_MATH = YES;
				ONLY_ACTIVE_ARCH = YES;
				SWIFT_ACTIVE_COMPILATION_CONDITIONS = DEBUG;
				SWIFT_OBJC_BRIDGING_HEADER = "Bridging-Header.h";
				SWIFT_OPTIMIZATION_LEVEL = "-Onone";
			};
			name = Debug;
		};
		29DEE52B281465C9000C3626 /* Release */ = {
			isa = XCBuildConfiguration;
			buildSettings = {
				ALWAYS_SEARCH_USER_PATHS = NO;
				CLANG_ANALYZER_NONNULL = YES;
				CLANG_ANALYZER_NUMBER_OBJECT_CONVERSION = YES_AGGRESSIVE;
				CLANG_CXX_LANGUAGE_STANDARD = "gnu++17";
				CLANG_ENABLE_MODULES = YES;
				CLANG_ENABLE_OBJC_ARC = YES;
				CLANG_ENABLE_OBJC_WEAK = YES;
				CLANG_WARN_BLOCK_CAPTURE_AUTORELEASING = YES;
				CLANG_WARN_BOOL_CONVERSION = YES;
				CLANG_WARN_COMMA = YES;
				CLANG_WARN_CONSTANT_CONVERSION = YES;
				CLANG_WARN_DEPRECATED_OBJC_IMPLEMENTATIONS = YES;
				CLANG_WARN_DIRECT_OBJC_ISA_USAGE = YES_ERROR;
				CLANG_WARN_DOCUMENTATION_COMMENTS = YES;
				CLANG_WARN_EMPTY_BODY = YES;
				CLANG_WARN_ENUM_CONVERSION = YES;
				CLANG_WARN_INFINITE_RECURSION = YES;
				CLANG_WARN_INT_CONVERSION = YES;
				CLANG_WARN_NON_LITERAL_NULL_CONVERSION = YES;
				CLANG_WARN_OBJC_IMPLICIT_RETAIN_SELF = YES;
				CLANG_WARN_OBJC_LITERAL_CONVERSION = YES;
				CLANG_WARN_OBJC_ROOT_CLASS = YES_ERROR;
				CLANG_WARN_QUOTED_INCLUDE_IN_FRAMEWORK_HEADER = YES;
				CLANG_WARN_RANGE_LOOP_ANALYSIS = YES;
				CLANG_WARN_STRICT_PROTOTYPES = YES;
				CLANG_WARN_SUSPICIOUS_MOVE = YES;
				CLANG_WARN_UNGUARDED_AVAILABILITY = YES_AGGRESSIVE;
				CLANG_WARN_UNREACHABLE_CODE = YES;
				CLANG_WARN__DUPLICATE_METHOD_MATCH = YES;
				COPY_PHASE_STRIP = NO;
				DEBUG_INFORMATION_FORMAT = "dwarf-with-dsym";
				ENABLE_NS_ASSERTIONS = NO;
				ENABLE_STRICT_OBJC_MSGSEND = YES;
				GCC_C_LANGUAGE_STANDARD = gnu11;
				GCC_NO_COMMON_BLOCKS = YES;
				GCC_WARN_64_TO_32_BIT_CONVERSION = YES;
				GCC_WARN_ABOUT_RETURN_TYPE = YES_ERROR;
				GCC_WARN_UNDECLARED_SELECTOR = YES;
				GCC_WARN_UNINITIALIZED_AUTOS = YES_AGGRESSIVE;
				GCC_WARN_UNUSED_FUNCTION = YES;
				GCC_WARN_UNUSED_VARIABLE = YES;
				MTL_ENABLE_DEBUG_INFO = NO;
				MTL_FAST_MATH = YES;
				SWIFT_COMPILATION_MODE = wholemodule;
				SWIFT_OBJC_BRIDGING_HEADER = "Bridging-Header.h";
				SWIFT_OPTIMIZATION_LEVEL = "-O";
			};
			name = Release;
		};
		29DEE52D281465C9000C3626 /* Debug */ = {
			isa = XCBuildConfiguration;
			buildSettings = {
				ASSETCATALOG_COMPILER_APPICON_NAME = AppIcon;
				ASSETCATALOG_COMPILER_GLOBAL_ACCENT_COLOR_NAME = AccentColor;
				CODE_SIGN_STYLE = Automatic;
				CURRENT_PROJECT_VERSION = 1;
				DEVELOPMENT_TEAM = J6F2XLS3BY;
				ENABLE_PREVIEWS = YES;
				GENERATE_INFOPLIST_FILE = YES;
				INFOPLIST_FILE = iOS/Info.plist;
				INFOPLIST_KEY_LSSupportsOpeningDocumentsInPlace = YES;
				INFOPLIST_KEY_UIApplicationSceneManifest_Generation = YES;
				INFOPLIST_KEY_UIApplicationSupportsIndirectInputEvents = YES;
				INFOPLIST_KEY_UILaunchScreen_Generation = YES;
				INFOPLIST_KEY_UISupportedInterfaceOrientations_iPad = "UIInterfaceOrientationPortrait UIInterfaceOrientationPortraitUpsideDown UIInterfaceOrientationLandscapeLeft UIInterfaceOrientationLandscapeRight";
				INFOPLIST_KEY_UISupportedInterfaceOrientations_iPhone = "UIInterfaceOrientationPortrait UIInterfaceOrientationLandscapeLeft UIInterfaceOrientationLandscapeRight";
				INFOPLIST_KEY_UISupportsDocumentBrowser = YES;
				IPHONEOS_DEPLOYMENT_TARGET = 15.4;
				LD_RUNPATH_SEARCH_PATHS = (
					"$(inherited)",
					"@executable_path/Frameworks",
				);
				LIBRARY_SEARCH_PATHS = (
					"$(inherited)",
					"$(PROJECT_DIR)/target/universal/release",
					"$(PROJECT_DIR)/target/universal/debug",
				);
				MARKETING_VERSION = 1.0;
				PRODUCT_BUNDLE_IDENTIFIER = "com.audulus.rui-ios";
				PRODUCT_NAME = "rui-ios";
				SDKROOT = iphoneos;
				SWIFT_EMIT_LOC_STRINGS = YES;
				SWIFT_VERSION = 5.0;
				TARGETED_DEVICE_FAMILY = "1,2";
			};
			name = Debug;
		};
		29DEE52E281465C9000C3626 /* Release */ = {
			isa = XCBuildConfiguration;
			buildSettings = {
				ASSETCATALOG_COMPILER_APPICON_NAME = AppIcon;
				ASSETCATALOG_COMPILER_GLOBAL_ACCENT_COLOR_NAME = AccentColor;
				CODE_SIGN_STYLE = Automatic;
				CURRENT_PROJECT_VERSION = 1;
				DEVELOPMENT_TEAM = J6F2XLS3BY;
				ENABLE_PREVIEWS = YES;
				GENERATE_INFOPLIST_FILE = YES;
				INFOPLIST_FILE = iOS/Info.plist;
				INFOPLIST_KEY_LSSupportsOpeningDocumentsInPlace = YES;
				INFOPLIST_KEY_UIApplicationSceneManifest_Generation = YES;
				INFOPLIST_KEY_UIApplicationSupportsIndirectInputEvents = YES;
				INFOPLIST_KEY_UILaunchScreen_Generation = YES;
				INFOPLIST_KEY_UISupportedInterfaceOrientations_iPad = "UIInterfaceOrientationPortrait UIInterfaceOrientationPortraitUpsideDown UIInterfaceOrientationLandscapeLeft UIInterfaceOrientationLandscapeRight";
				INFOPLIST_KEY_UISupportedInterfaceOrientations_iPhone = "UIInterfaceOrientationPortrait UIInterfaceOrientationLandscapeLeft UIInterfaceOrientationLandscapeRight";
				INFOPLIST_KEY_UISupportsDocumentBrowser = YES;
				IPHONEOS_DEPLOYMENT_TARGET = 15.4;
				LD_RUNPATH_SEARCH_PATHS = (
					"$(inherited)",
					"@executable_path/Frameworks",
				);
				LIBRARY_SEARCH_PATHS = (
					"$(inherited)",
					"$(PROJECT_DIR)/target/universal/release",
					"$(PROJECT_DIR)/target/universal/debug",
				);
				MARKETING_VERSION = 1.0;
				PRODUCT_BUNDLE_IDENTIFIER = "com.audulus.rui-ios";
				PRODUCT_NAME = "rui-ios";
				SDKROOT = iphoneos;
				SWIFT_EMIT_LOC_STRINGS = YES;
				SWIFT_VERSION = 5.0;
				TARGETED_DEVICE_FAMILY = "1,2";
				VALIDATE_PRODUCT = YES;
			};
			name = Release;
		};
/* End XCBuildConfiguration section */

/* Begin XCConfigurationList section */
		29DEE50C281465C7000C3626 /* Build configuration list for PBXProject "rui-ios" */ = {
			isa = XCConfigurationList;
			buildConfigurations = (
				29DEE52A281465C9000C3626 /* Debug */,
				29DEE52B281465C9000C3626 /* Release */,
			);
			defaultConfigurationIsVisible = 0;
			defaultConfigurationName = Release;
		};
		29DEE52C281465C9000C3626 /* Build configuration list for PBXNativeTarget "rui-ios (iOS)" */ = {
			isa = XCConfigurationList;
			buildConfigurations = (
				29DEE52D281465C9000C3626 /* Debug */,
				29DEE52E281465C9000C3626 /* Release */,
			);
			defaultConfigurationIsVisible = 0;
			defaultConfigurationName = Release;
		};
/* End XCConfigurationList section */
	};
	rootObject = 29DEE509281465C7000C3626 /* Project object */;
}
